// !$*UTF8*$!
{
	archiveVersion = 1;
	classes = {
	};
	objectVersion = 46;
	objects = {

/* Begin PBXBuildFile section */
		3EA135A41DD394E200601A77 /* AppDelegate.swift in Sources */ = {isa = PBXBuildFile; fileRef = 3EA135A31DD394E200601A77 /* AppDelegate.swift */; };
		3EA135A61DD394E200601A77 /* ViewController.swift in Sources */ = {isa = PBXBuildFile; fileRef = 3EA135A51DD394E200601A77 /* ViewController.swift */; };
		3EA135A91DD394E200601A77 /* Main.storyboard in Resources */ = {isa = PBXBuildFile; fileRef = 3EA135A71DD394E200601A77 /* Main.storyboard */; };
		3EA135AB1DD394E200601A77 /* Assets.xcassets in Resources */ = {isa = PBXBuildFile; fileRef = 3EA135AA1DD394E200601A77 /* Assets.xcassets */; };
		3EA135AE1DD394E200601A77 /* LaunchScreen.storyboard in Resources */ = {isa = PBXBuildFile; fileRef = 3EA135AC1DD394E200601A77 /* LaunchScreen.storyboard */; };
/* End PBXBuildFile section */

/* Begin PBXFileReference section */
		3EA135A01DD394E200601A77 /* JGPageViewControllerAttempt.app */ = {isa = PBXFileReference; explicitFileType = wrapper.application; includeInIndex = 0; path = JGPageViewControllerAttempt.app; sourceTree = BUILT_PRODUCTS_DIR; };
		3EA135A31DD394E200601A77 /* AppDelegate.swift */ = {isa = PBXFileReference; lastKnownFileType = sourcecode.swift; path = AppDelegate.swift; sourceTree = "<group>"; };
		3EA135A51DD394E200601A77 /* ViewController.swift */ = {isa = PBXFileReference; lastKnownFileType = sourcecode.swift; path = ViewController.swift; sourceTree = "<group>"; };
		3EA135A81DD394E200601A77 /* Base */ = {isa = PBXFileReference; lastKnownFileType = file.storyboard; name = Base; path = Base.lproj/Main.storyboard; sourceTree = "<group>"; };
		3EA135AA1DD394E200601A77 /* Assets.xcassets */ = {isa = PBXFileReference; lastKnownFileType = folder.assetcatalog; path = Assets.xcassets; sourceTree = "<group>"; };
		3EA135AD1DD394E200601A77 /* Base */ = {isa = PBXFileReference; lastKnownFileType = file.storyboard; name = Base; path = Base.lproj/LaunchScreen.storyboard; sourceTree = "<group>"; };
		3EA135AF1DD394E200601A77 /* Info.plist */ = {isa = PBXFileReference; lastKnownFileType = text.plist.xml; path = Info.plist; sourceTree = "<group>"; };
/* End PBXFileReference section */

/* Begin PBXFrameworksBuildPhase section */
		3EA1359D1DD394E200601A77 /* Frameworks */ = {
			isa = PBXFrameworksBuildPhase;
			buildActionMask = 2147483647;
			files = (
			);
			runOnlyForDeploymentPostprocessing = 0;
		};
/* End PBXFrameworksBuildPhase section */

/* Begin PBXGroup section */
		3EA135971DD394E200601A77 = {
			isa = PBXGroup;
			children = (
				3EA135A21DD394E200601A77 /* JGPageViewControllerAttempt */,
				3EA135A11DD394E200601A77 /* Products */,
			);
			sourceTree = "<group>";
		};
		3EA135A11DD394E200601A77 /* Products */ = {
			isa = PBXGroup;
			children = (
				3EA135A01DD394E200601A77 /* JGPageViewControllerAttempt.app */,
			);
			name = Products;
			sourceTree = "<group>";
		};
		3EA135A21DD394E200601A77 /* JGPageViewControllerAttempt */ = {
			isa = PBXGroup;
			children = (
				3EA135A31DD394E200601A77 /* AppDelegate.swift */,
				3EA135A51DD394E200601A77 /* ViewController.swift */,
				3EA135A71DD394E200601A77 /* Main.storyboard */,
				3EA135AA1DD394E200601A77 /* Assets.xcassets */,
				3EA135AC1DD394E200601A77 /* LaunchScreen.storyboard */,
				3EA135AF1DD394E200601A77 /* Info.plist */,
			);
			path = JGPageViewControllerAttempt;
			sourceTree = "<group>";
		};
/* End PBXGroup section */

/* Begin PBXNativeTarget section */
		3EA1359F1DD394E200601A77 /* JGPageViewControllerAttempt */ = {
			isa = PBXNativeTarget;
			buildConfigurationList = 3EA135B21DD394E200601A77 /* Build configuration list for PBXNativeTarget "JGPageViewControllerAttempt" */;
			buildPhases = (
				3EA1359C1DD394E200601A77 /* Sources */,
				3EA1359D1DD394E200601A77 /* Frameworks */,
				3EA1359E1DD394E200601A77 /* Resources */,
			);
			buildRules = (
			);
			dependencies = (
			);
			name = JGPageViewControllerAttempt;
			productName = JGPageViewControllerAttempt;
			productReference = 3EA135A01DD394E200601A77 /* JGPageViewControllerAttempt.app */;
			productType = "com.apple.product-type.application";
		};
/* End PBXNativeTarget section */

/* Begin PBXProject section */
		3EA135981DD394E200601A77 /* Project object */ = {
			isa = PBXProject;
			attributes = {
				LastSwiftUpdateCheck = 0810;
				LastUpgradeCheck = 0810;
				ORGANIZATIONNAME = Gallaugher;
				TargetAttributes = {
					3EA1359F1DD394E200601A77 = {
						CreatedOnToolsVersion = 8.1;
						ProvisioningStyle = Automatic;
					};
				};
			};
			buildConfigurationList = 3EA1359B1DD394E200601A77 /* Build configuration list for PBXProject "JGPageViewControllerAttempt" */;
			compatibilityVersion = "Xcode 3.2";
			developmentRegion = English;
			hasScannedForEncodings = 0;
			knownRegions = (
				en,
				Base,
			);
			mainGroup = 3EA135971DD394E200601A77;
			productRefGroup = 3EA135A11DD394E200601A77 /* Products */;
			projectDirPath = "";
			projectRoot = "";
			targets = (
				3EA1359F1DD394E200601A77 /* JGPageViewControllerAttempt */,
			);
		};
/* End PBXProject section */

/* Begin PBXResourcesBuildPhase section */
		3EA1359E1DD394E200601A77 /* Resources */ = {
			isa = PBXResourcesBuildPhase;
			buildActionMask = 2147483647;
			files = (
				3EA135AE1DD394E200601A77 /* LaunchScreen.storyboard in Resources */,
				3EA135AB1DD394E200601A77 /* Assets.xcassets in Resources */,
				3EA135A91DD394E200601A77 /* Main.storyboard in Resources */,
			);
			runOnlyForDeploymentPostprocessing = 0;
		};
/* End PBXResourcesBuildPhase section */

/* Begin PBXSourcesBuildPhase section */
		3EA1359C1DD394E200601A77 /* Sources */ = {
			isa = PBXSourcesBuildPhase;
			buildActionMask = 2147483647;
			files = (
				3EA135A61DD394E200601A77 /* ViewController.swift in Sources */,
				3EA135A41DD394E200601A77 /* AppDelegate.swift in Sources */,
			);
			runOnlyForDeploymentPostprocessing = 0;
		};
/* End PBXSourcesBuildPhase section */

/* Begin PBXVariantGroup section */
		3EA135A71DD394E200601A77 /* Main.storyboard */ = {
			isa = PBXVariantGroup;
			children = (
				3EA135A81DD394E200601A77 /* Base */,
			);
			name = Main.storyboard;
			sourceTree = "<group>";
		};
		3EA135AC1DD394E200601A77 /* LaunchScreen.storyboard */ = {
			isa = PBXVariantGroup;
			children = (
				3EA135AD1DD394E200601A77 /* Base */,
			);
			name = LaunchScreen.storyboard;
			sourceTree = "<group>";
		};
/* End PBXVariantGroup section */

/* Begin XCBuildConfiguration section */
		3EA135B01DD394E200601A77 /* Debug */ = {
			isa = XCBuildConfiguration;
			buildSettings = {
				ALWAYS_SEARCH_USER_PATHS = NO;
				CLANG_ANALYZER_NONNULL = YES;
				CLANG_CXX_LANGUAGE_STANDARD = "gnu++0x";
				CLANG_CXX_LIBRARY = "libc++";
				CLANG_ENABLE_MODULES = YES;
				CLANG_ENABLE_OBJC_ARC = YES;
				CLANG_WARN_BOOL_CONVERSION = YES;
				CLANG_WARN_CONSTANT_CONVERSION = YES;
				CLANG_WARN_DIRECT_OBJC_ISA_USAGE = YES_ERROR;
				CLANG_WARN_DOCUMENTATION_COMMENTS = YES;
				CLANG_WARN_EMPTY_BODY = YES;
				CLANG_WARN_ENUM_CONVERSION = YES;
				CLANG_WARN_INFINITE_RECURSION = YES;
				CLANG_WARN_INT_CONVERSION = YES;
				CLANG_WARN_OBJC_ROOT_CLASS = YES_ERROR;
				CLANG_WARN_SUSPICIOUS_MOVES = YES;
				CLANG_WARN_UNREACHABLE_CODE = YES;
				CLANG_WARN__DUPLICATE_METHOD_MATCH = YES;
				"CODE_SIGN_IDENTITY[sdk=iphoneos*]" = "iPhone Developer";
				COPY_PHASE_STRIP = NO;
				DEBUG_INFORMATION_FORMAT = dwarf;
				ENABLE_STRICT_OBJC_MSGSEND = YES;
				ENABLE_TESTABILITY = YES;
				GCC_C_LANGUAGE_STANDARD = gnu99;
				GCC_DYNAMIC_NO_PIC = NO;
				GCC_NO_COMMON_BLOCKS = YES;
				GCC_OPTIMIZATION_LEVEL = 0;
				GCC_PREPROCESSOR_DEFINITIONS = (
					"DEBUG=1",
					"$(inherited)",
				);
				GCC_WARN_64_TO_32_BIT_CONVERSION = YES;
				GCC_WARN_ABOUT_RETURN_TYPE = YES_ERROR;
				GCC_WARN_UNDECLARED_SELECTOR = YES;
				GCC_WARN_UNINITIALIZED_AUTOS = YES_AGGRESSIVE;
				GCC_WARN_UNUSED_FUNCTION = YES;
				GCC_WARN_UNUSED_VARIABLE = YES;
				IPHONEOS_DEPLOYMENT_TARGET = 10.1;
				MTL_ENABLE_DEBUG_INFO = YES;
				ONLY_ACTIVE_ARCH = YES;
				SDKROOT = iphoneos;
				SWIFT_ACTIVE_COMPILATION_CONDITIONS = DEBUG;
				SWIFT_OPTIMIZATION_LEVEL = "-Onone";
				TARGETED_DEVICE_FAMILY = "1,2";
			};
			name = Debug;
		};
		3EA135B11DD394E200601A77 /* Release */ = {
			isa = XCBuildConfiguration;
			buildSettings = {
				ALWAYS_SEARCH_USER_PATHS = NO;
				CLANG_ANALYZER_NONNULL = YES;
				CLANG_CXX_LANGUAGE_STANDARD = "gnu++0x";
				CLANG_CXX_LIBRARY = "libc++";
				CLANG_ENABLE_MODULES = YES;
				CLANG_ENABLE_OBJC_ARC = YES;
				CLANG_WARN_BOOL_CONVERSION = YES;
				CLANG_WARN_CONSTANT_CONVERSION = YES;
				CLANG_WARN_DIRECT_OBJC_ISA_USAGE = YES_ERROR;
				CLANG_WARN_DOCUMENTATION_COMMENTS = YES;
				CLANG_WARN_EMPTY_BODY = YES;
				CLANG_WARN_ENUM_CONVERSION = YES;
				CLANG_WARN_INFINITE_RECURSION = YES;
				CLANG_WARN_INT_CONVERSION = YES;
				CLANG_WARN_OBJC_ROOT_CLASS = YES_ERROR;
				CLANG_WARN_SUSPICIOUS_MOVES = YES;
				CLANG_WARN_UNREACHABLE_CODE = YES;
				CLANG_WARN__DUPLICATE_METHOD_MATCH = YES;
				"CODE_SIGN_IDENTITY[sdk=iphoneos*]" = "iPhone Developer";
				COPY_PHASE_STRIP = NO;
				DEBUG_INFORMATION_FORMAT = "dwarf-with-dsym";
				ENABLE_NS_ASSERTIONS = NO;
				ENABLE_STRICT_OBJC_MSGSEND = YES;
				GCC_C_LANGUAGE_STANDARD = gnu99;
				GCC_NO_COMMON_BLOCKS = YES;
				GCC_WARN_64_TO_32_BIT_CONVERSION = YES;
				GCC_WARN_ABOUT_RETURN_TYPE = YES_ERROR;
				GCC_WARN_UNDECLARED_SELECTOR = YES;
				GCC_WARN_UNINITIALIZED_AUTOS = YES_AGGRESSIVE;
				GCC_WARN_UNUSED_FUNCTION = YES;
				GCC_WARN_UNUSED_VARIABLE = YES;
				IPHONEOS_DEPLOYMENT_TARGET = 10.1;
				MTL_ENABLE_DEBUG_INFO = NO;
				SDKROOT = iphoneos;
				SWIFT_OPTIMIZATION_LEVEL = "-Owholemodule";
				TARGETED_DEVICE_FAMILY = "1,2";
				VALIDATE_PRODUCT = YES;
			};
			name = Release;
		};
		3EA135B31DD394E200601A77 /* Debug */ = {
			isa = XCBuildConfiguration;
			buildSettings = {
				ASSETCATALOG_COMPILER_APPICON_NAME = AppIcon;
				INFOPLIST_FILE = JGPageViewControllerAttempt/Info.plist;
				LD_RUNPATH_SEARCH_PATHS = "$(inherited) @executable_path/Frameworks";
				PRODUCT_BUNDLE_IDENTIFIER = com.gallaugher.JGPageViewControllerAttempt;
				PRODUCT_NAME = "$(TARGET_NAME)";
				SWIFT_VERSION = 3.0;
			};
			name = Debug;
		};
		3EA135B41DD394E200601A77 /* Release */ = {
			isa = XCBuildConfiguration;
			buildSettings = {
				ASSETCATALOG_COMPILER_APPICON_NAME = AppIcon;
				INFOPLIST_FILE = JGPageViewControllerAttempt/Info.plist;
				LD_RUNPATH_SEARCH_PATHS = "$(inherited) @executable_path/Frameworks";
				PRODUCT_BUNDLE_IDENTIFIER = com.gallaugher.JGPageViewControllerAttempt;
				PRODUCT_NAME = "$(TARGET_NAME)";
				SWIFT_VERSION = 3.0;
			};
			name = Release;
		};
/* End XCBuildConfiguration section */

/* Begin XCConfigurationList section */
		3EA1359B1DD394E200601A77 /* Build configuration list for PBXProject "JGPageViewControllerAttempt" */ = {
			isa = XCConfigurationList;
			buildConfigurations = (
				3EA135B01DD394E200601A77 /* Debug */,
				3EA135B11DD394E200601A77 /* Release */,
			);
			defaultConfigurationIsVisible = 0;
			defaultConfigurationName = Release;
		};
		3EA135B21DD394E200601A77 /* Build configuration list for PBXNativeTarget "JGPageViewControllerAttempt" */ = {
			isa = XCConfigurationList;
			buildConfigurations = (
				3EA135B31DD394E200601A77 /* Debug */,
				3EA135B41DD394E200601A77 /* Release */,
			);
			defaultConfigurationIsVisible = 0;
		};
/* End XCConfigurationList section */
	};
	rootObject = 3EA135981DD394E200601A77 /* Project object */;
}
